
Microsoft Visual Studio Solution File, Format Version 12.00
# Visual Studio Version 16
VisualStudioVersion = 16.0.31112.23
MinimumVisualStudioVersion = 10.0.40219.1
Project("{FAE04EC0-301F-11D3-BF4B-00C04F79EFBC}") = "FastStoreWebAPI", "FastStoreWebAPI\FastStoreWebAPI.csproj", "{F2135C48-2461-4BA7-9F5A-FC2593740655}"
EndProject
Global
	GlobalSection(SolutionConfigurationPlatforms) = preSolution
		Debug|Any CPU = Debug|Any CPU
		Release|Any CPU = Release|Any CPU
	EndGlobalSection
	GlobalSection(ProjectConfigurationPlatforms) = postSolution
		{F2135C48-2461-4BA7-9F5A-FC2593740655}.Debug|Any CPU.ActiveCfg = Debug|Any CPU
		{F2135C48-2461-4BA7-9F5A-FC2593740655}.Debug|Any CPU.Build.0 = Debug|Any CPU
		{F2135C48-2461-4BA7-9F5A-FC2593740655}.Release|Any CPU.ActiveCfg = Release|Any CPU
		{F2135C48-2461-4BA7-9F5A-FC2593740655}.Release|Any CPU.Build.0 = Release|Any CPU
	EndGlobalSection
	GlobalSection(SolutionProperties) = preSolution
		HideSolutionNode = FALSE
	EndGlobalSection
	GlobalSection(ExtensibilityGlobals) = postSolution
		SolutionGuid = {C72E802D-4BC6-458E-A890-AAEE5DEE5770}
	EndGlobalSection
EndGlobal
